
Microsoft Visual Studio Solution File, Format Version 12.00
# Visual Studio Version 17
VisualStudioVersion = 17.5.33424.131
MinimumVisualStudioVersion = 10.0.40219.1
Project("{FAE04EC0-301F-11D3-BF4B-00C04F79EFBC}") = "humeyrayıldız_project", "humeyrayıldız_project.csproj", "{A397032A-385F-4DA7-9A78-85631ABB6BDD}"
EndProject
Global
	GlobalSection(SolutionConfigurationPlatforms) = preSolution
		Debug|Any CPU = Debug|Any CPU
		Release|Any CPU = Release|Any CPU
	EndGlobalSection
	GlobalSection(ProjectConfigurationPlatforms) = postSolution
		{A397032A-385F-4DA7-9A78-85631ABB6BDD}.Debug|Any CPU.ActiveCfg = Debug|Any CPU
		{A397032A-385F-4DA7-9A78-85631ABB6BDD}.Debug|Any CPU.Build.0 = Debug|Any CPU
		{A397032A-385F-4DA7-9A78-85631ABB6BDD}.Release|Any CPU.ActiveCfg = Release|Any CPU
		{A397032A-385F-4DA7-9A78-85631ABB6BDD}.Release|Any CPU.Build.0 = Release|Any CPU
	EndGlobalSection
	GlobalSection(SolutionProperties) = preSolution
		HideSolutionNode = FALSE
	EndGlobalSection
	GlobalSection(ExtensibilityGlobals) = postSolution
		SolutionGuid = {09D1F1E7-16E3-48D1-BAC5-6E31C422AD4C}
	EndGlobalSection
EndGlobal
